
Microsoft Visual Studio Solution File, Format Version 12.00
# Visual Studio 15
VisualStudioVersion = 15.0.27428.2037
MinimumVisualStudioVersion = 10.0.40219.1
Project("{00D1A9C2-B5F0-4AF3-8072-F6C62B433612}") = "Projekt_11004", "Projekt_11004\Projekt_11004.sqlproj", "{C3840AF8-0EF0-4169-93F6-C68A2C9ADD90}"
EndProject
Global
	GlobalSection(SolutionConfigurationPlatforms) = preSolution
		Debug|Any CPU = Debug|Any CPU
		Release|Any CPU = Release|Any CPU
	EndGlobalSection
	GlobalSection(ProjectConfigurationPlatforms) = postSolution
		{C3840AF8-0EF0-4169-93F6-C68A2C9ADD90}.Debug|Any CPU.ActiveCfg = Debug|Any CPU
		{C3840AF8-0EF0-4169-93F6-C68A2C9ADD90}.Debug|Any CPU.Build.0 = Debug|Any CPU
		{C3840AF8-0EF0-4169-93F6-C68A2C9ADD90}.Debug|Any CPU.Deploy.0 = Debug|Any CPU
		{C3840AF8-0EF0-4169-93F6-C68A2C9ADD90}.Release|Any CPU.ActiveCfg = Release|Any CPU
		{C3840AF8-0EF0-4169-93F6-C68A2C9ADD90}.Release|Any CPU.Build.0 = Release|Any CPU
		{C3840AF8-0EF0-4169-93F6-C68A2C9ADD90}.Release|Any CPU.Deploy.0 = Release|Any CPU
	EndGlobalSection
	GlobalSection(SolutionProperties) = preSolution
		HideSolutionNode = FALSE
	EndGlobalSection
	GlobalSection(ExtensibilityGlobals) = postSolution
		SolutionGuid = {ED06D1ED-78BF-475E-BFB4-3B9748D4E955}
	EndGlobalSection
EndGlobal
